
Microsoft Visual Studio Solution File, Format Version 12.00
# Visual Studio 15
VisualStudioVersion = 15.0.27130.2010
MinimumVisualStudioVersion = 10.0.40219.1
Project("{FAE04EC0-301F-11D3-BF4B-00C04F79EFBC}") = "ProjectBouncingBall", "ProjectBouncingBall\ProjectBouncingBall.csproj", "{37294CD1-EF43-49F0-BFCF-EF7A4C147305}"
EndProject
Global
	GlobalSection(SolutionConfigurationPlatforms) = preSolution
		Debug|Any CPU = Debug|Any CPU
		Release|Any CPU = Release|Any CPU
	EndGlobalSection
	GlobalSection(ProjectConfigurationPlatforms) = postSolution
		{37294CD1-EF43-49F0-BFCF-EF7A4C147305}.Debug|Any CPU.ActiveCfg = Debug|Any CPU
		{37294CD1-EF43-49F0-BFCF-EF7A4C147305}.Debug|Any CPU.Build.0 = Debug|Any CPU
		{37294CD1-EF43-49F0-BFCF-EF7A4C147305}.Release|Any CPU.ActiveCfg = Release|Any CPU
		{37294CD1-EF43-49F0-BFCF-EF7A4C147305}.Release|Any CPU.Build.0 = Release|Any CPU
	EndGlobalSection
	GlobalSection(SolutionProperties) = preSolution
		HideSolutionNode = FALSE
	EndGlobalSection
	GlobalSection(ExtensibilityGlobals) = postSolution
		SolutionGuid = {E4283B1F-87A3-4564-92A9-62ED029AA705}
	EndGlobalSection
EndGlobal
